
Microsoft Visual Studio Solution File, Format Version 12.00
# Visual Studio Version 16
VisualStudioVersion = 16.0.31005.135
MinimumVisualStudioVersion = 10.0.40219.1
Project("{9A19103F-16F7-4668-BE54-9A1E7A4F7556}") = "QMS.Domain", "QMS.Domain\QMS.Domain.csproj", "{75582605-E2CC-41B5-BD28-814F163EFE73}"
EndProject
Project("{9A19103F-16F7-4668-BE54-9A1E7A4F7556}") = "QMS.Core", "QMS.Core\QMS.Core.csproj", "{351C0C6B-44A6-4E4A-B6A9-EFEA7C217541}"
EndProject
Project("{9A19103F-16F7-4668-BE54-9A1E7A4F7556}") = "QMS.Infrastructure", "QMS.Infrastructure\QMS.Infrastructure.csproj", "{00965A95-2C3A-4097-A6C5-457E20D51C90}"
EndProject
Project("{9A19103F-16F7-4668-BE54-9A1E7A4F7556}") = "QMS.Database", "QMS.Database\QMS.Database.csproj", "{B2B5D1D9-A3EB-4038-9041-7EF66914897E}"
EndProject
Project("{9A19103F-16F7-4668-BE54-9A1E7A4F7556}") = "QMS.Mapper", "QMS.Mapper\QMS.Mapper.csproj", "{23F67C6B-E791-451A-A94D-DDDE79BE9E04}"
EndProject
Project("{2150E333-8FDC-42A3-9474-1A3956D46DE8}") = "CommandQueries", "CommandQueries", "{53C7DDC5-7886-49A2-A34C-2608D1F79179}"
EndProject
Project("{9A19103F-16F7-4668-BE54-9A1E7A4F7556}") = "QMS.Commands", "QMS.Commands\QMS.Commands.csproj", "{15BFBB20-075B-4201-A7D5-A9B96C10800B}"
EndProject
Project("{9A19103F-16F7-4668-BE54-9A1E7A4F7556}") = "QMS.Queries", "QMS.Queries\QMS.Queries.csproj", "{EC5CBED5-A57D-4DAE-913C-4C716770E67A}"
EndProject
Project("{2150E333-8FDC-42A3-9474-1A3956D46DE8}") = "Api", "Api", "{B4FD2BA5-A8CD-416E-AA78-C201B8617D1B}"
EndProject
Project("{9A19103F-16F7-4668-BE54-9A1E7A4F7556}") = "QMS.Web", "QMS.Web\QMS.Web.csproj", "{4094486E-8DD5-4423-B552-6C8345014DC7}"
EndProject
Project("{2150E333-8FDC-42A3-9474-1A3956D46DE8}") = "Core", "Core", "{C79EA5C3-475A-4B53-BA11-17C97ADC0B8B}"
EndProject
Project("{2150E333-8FDC-42A3-9474-1A3956D46DE8}") = "Implementations", "Implementations", "{DBDC1552-8EC9-444A-B41E-E8A3BAECDC7B}"
EndProject
Project("{2150E333-8FDC-42A3-9474-1A3956D46DE8}") = "Databases", "Databases", "{2EC4BB60-EAC4-4240-9337-C4117D4DCEC9}"
EndProject
Project("{2150E333-8FDC-42A3-9474-1A3956D46DE8}") = "Mappers", "Mappers", "{6479AB18-907D-4106-A092-6FC0D7391CFD}"
EndProject
Global
	GlobalSection(SolutionConfigurationPlatforms) = preSolution
		Debug|Any CPU = Debug|Any CPU
		Release|Any CPU = Release|Any CPU
	EndGlobalSection
	GlobalSection(ProjectConfigurationPlatforms) = postSolution
		{75582605-E2CC-41B5-BD28-814F163EFE73}.Debug|Any CPU.ActiveCfg = Debug|Any CPU
		{75582605-E2CC-41B5-BD28-814F163EFE73}.Debug|Any CPU.Build.0 = Debug|Any CPU
		{75582605-E2CC-41B5-BD28-814F163EFE73}.Release|Any CPU.ActiveCfg = Release|Any CPU
		{75582605-E2CC-41B5-BD28-814F163EFE73}.Release|Any CPU.Build.0 = Release|Any CPU
		{351C0C6B-44A6-4E4A-B6A9-EFEA7C217541}.Debug|Any CPU.ActiveCfg = Debug|Any CPU
		{351C0C6B-44A6-4E4A-B6A9-EFEA7C217541}.Debug|Any CPU.Build.0 = Debug|Any CPU
		{351C0C6B-44A6-4E4A-B6A9-EFEA7C217541}.Release|Any CPU.ActiveCfg = Release|Any CPU
		{351C0C6B-44A6-4E4A-B6A9-EFEA7C217541}.Release|Any CPU.Build.0 = Release|Any CPU
		{00965A95-2C3A-4097-A6C5-457E20D51C90}.Debug|Any CPU.ActiveCfg = Debug|Any CPU
		{00965A95-2C3A-4097-A6C5-457E20D51C90}.Debug|Any CPU.Build.0 = Debug|Any CPU
		{00965A95-2C3A-4097-A6C5-457E20D51C90}.Release|Any CPU.ActiveCfg = Release|Any CPU
		{00965A95-2C3A-4097-A6C5-457E20D51C90}.Release|Any CPU.Build.0 = Release|Any CPU
		{B2B5D1D9-A3EB-4038-9041-7EF66914897E}.Debug|Any CPU.ActiveCfg = Debug|Any CPU
		{B2B5D1D9-A3EB-4038-9041-7EF66914897E}.Debug|Any CPU.Build.0 = Debug|Any CPU
		{B2B5D1D9-A3EB-4038-9041-7EF66914897E}.Release|Any CPU.ActiveCfg = Release|Any CPU
		{B2B5D1D9-A3EB-4038-9041-7EF66914897E}.Release|Any CPU.Build.0 = Release|Any CPU
		{23F67C6B-E791-451A-A94D-DDDE79BE9E04}.Debug|Any CPU.ActiveCfg = Debug|Any CPU
		{23F67C6B-E791-451A-A94D-DDDE79BE9E04}.Debug|Any CPU.Build.0 = Debug|Any CPU
		{23F67C6B-E791-451A-A94D-DDDE79BE9E04}.Release|Any CPU.ActiveCfg = Release|Any CPU
		{23F67C6B-E791-451A-A94D-DDDE79BE9E04}.Release|Any CPU.Build.0 = Release|Any CPU
		{15BFBB20-075B-4201-A7D5-A9B96C10800B}.Debug|Any CPU.ActiveCfg = Debug|Any CPU
		{15BFBB20-075B-4201-A7D5-A9B96C10800B}.Debug|Any CPU.Build.0 = Debug|Any CPU
		{15BFBB20-075B-4201-A7D5-A9B96C10800B}.Release|Any CPU.ActiveCfg = Release|Any CPU
		{15BFBB20-075B-4201-A7D5-A9B96C10800B}.Release|Any CPU.Build.0 = Release|Any CPU
		{EC5CBED5-A57D-4DAE-913C-4C716770E67A}.Debug|Any CPU.ActiveCfg = Debug|Any CPU
		{EC5CBED5-A57D-4DAE-913C-4C716770E67A}.Debug|Any CPU.Build.0 = Debug|Any CPU
		{EC5CBED5-A57D-4DAE-913C-4C716770E67A}.Release|Any CPU.ActiveCfg = Release|Any CPU
		{EC5CBED5-A57D-4DAE-913C-4C716770E67A}.Release|Any CPU.Build.0 = Release|Any CPU
		{4094486E-8DD5-4423-B552-6C8345014DC7}.Debug|Any CPU.ActiveCfg = Debug|Any CPU
		{4094486E-8DD5-4423-B552-6C8345014DC7}.Debug|Any CPU.Build.0 = Debug|Any CPU
		{4094486E-8DD5-4423-B552-6C8345014DC7}.Release|Any CPU.ActiveCfg = Release|Any CPU
		{4094486E-8DD5-4423-B552-6C8345014DC7}.Release|Any CPU.Build.0 = Release|Any CPU
	EndGlobalSection
	GlobalSection(SolutionProperties) = preSolution
		HideSolutionNode = FALSE
	EndGlobalSection
	GlobalSection(NestedProjects) = preSolution
		{75582605-E2CC-41B5-BD28-814F163EFE73} = {C79EA5C3-475A-4B53-BA11-17C97ADC0B8B}
		{351C0C6B-44A6-4E4A-B6A9-EFEA7C217541} = {C79EA5C3-475A-4B53-BA11-17C97ADC0B8B}
		{00965A95-2C3A-4097-A6C5-457E20D51C90} = {DBDC1552-8EC9-444A-B41E-E8A3BAECDC7B}
		{B2B5D1D9-A3EB-4038-9041-7EF66914897E} = {2EC4BB60-EAC4-4240-9337-C4117D4DCEC9}
		{23F67C6B-E791-451A-A94D-DDDE79BE9E04} = {6479AB18-907D-4106-A092-6FC0D7391CFD}
		{15BFBB20-075B-4201-A7D5-A9B96C10800B} = {53C7DDC5-7886-49A2-A34C-2608D1F79179}
		{EC5CBED5-A57D-4DAE-913C-4C716770E67A} = {53C7DDC5-7886-49A2-A34C-2608D1F79179}
		{4094486E-8DD5-4423-B552-6C8345014DC7} = {B4FD2BA5-A8CD-416E-AA78-C201B8617D1B}
	EndGlobalSection
	GlobalSection(ExtensibilityGlobals) = postSolution
		SolutionGuid = {0F6BBD03-3681-420E-AB8C-03690B08B03E}
	EndGlobalSection
EndGlobal
